Microsoft Visual Studio Solution File, Format Version 11.00
# Visual Studio 2008

Project("{30DE1572-E59B-96ED-5ABC-30B1FBE73E70}") = "18_01", "Assembly-CSharp.csproj", "{A31714A4-CF73-8735-3553-8013DFB32620}"
EndProject
Global
	GlobalSection(SolutionConfigurationPlatforms) = preSolution
		Debug|Any CPU = Debug|Any CPU
		Release|Any CPU = Release|Any CPU
	EndGlobalSection
	GlobalSection(ProjectConfigurationPlatforms) = postSolution
		{A31714A4-CF73-8735-3553-8013DFB32620}.Debug|Any CPU.ActiveCfg = Debug|Any CPU
		{A31714A4-CF73-8735-3553-8013DFB32620}.Debug|Any CPU.Build.0 = Debug|Any CPU
		{A31714A4-CF73-8735-3553-8013DFB32620}.Release|Any CPU.ActiveCfg = Release|Any CPU
		{A31714A4-CF73-8735-3553-8013DFB32620}.Release|Any CPU.Build.0 = Release|Any CPU
	EndGlobalSection
	GlobalSection(SolutionProperties) = preSolution
		HideSolutionNode = FALSE
	EndGlobalSection
	GlobalSection(MonoDevelopProperties) = preSolution
		StartupItem = Assembly-CSharp.csproj
	EndGlobalSection
EndGlobal
