Microsoft Visual Studio Solution File, Format Version 11.00
# Visual Studio 2008

Project("{569654B0-9218-E22E-F967-5C1179BBE024}") = "17_01", "Assembly-CSharp.csproj", "{2038CDE1-7116-1809-D383-BA23C62D19EC}"
EndProject
Global
	GlobalSection(SolutionConfigurationPlatforms) = preSolution
		Debug|Any CPU = Debug|Any CPU
		Release|Any CPU = Release|Any CPU
	EndGlobalSection
	GlobalSection(ProjectConfigurationPlatforms) = postSolution
		{2038CDE1-7116-1809-D383-BA23C62D19EC}.Debug|Any CPU.ActiveCfg = Debug|Any CPU
		{2038CDE1-7116-1809-D383-BA23C62D19EC}.Debug|Any CPU.Build.0 = Debug|Any CPU
		{2038CDE1-7116-1809-D383-BA23C62D19EC}.Release|Any CPU.ActiveCfg = Release|Any CPU
		{2038CDE1-7116-1809-D383-BA23C62D19EC}.Release|Any CPU.Build.0 = Release|Any CPU
	EndGlobalSection
	GlobalSection(SolutionProperties) = preSolution
		HideSolutionNode = FALSE
	EndGlobalSection
	GlobalSection(MonoDevelopProperties) = preSolution
		StartupItem = Assembly-CSharp.csproj
	EndGlobalSection
EndGlobal
